
Microsoft Visual Studio Solution File, Format Version 12.00
# Visual Studio Version 16
VisualStudioVersion = 16.0.31410.357
MinimumVisualStudioVersion = 10.0.40219.1
Project("{9A19103F-16F7-4668-BE54-9A1E7A4F7556}") = "Web_API_Prueba", "Web_API_Prueba.csproj", "{07CE662E-1E17-4C52-AB74-169EE341EA79}"
EndProject
Global
	GlobalSection(SolutionConfigurationPlatforms) = preSolution
		Debug|Any CPU = Debug|Any CPU
		Release|Any CPU = Release|Any CPU
	EndGlobalSection
	GlobalSection(ProjectConfigurationPlatforms) = postSolution
		{07CE662E-1E17-4C52-AB74-169EE341EA79}.Debug|Any CPU.ActiveCfg = Debug|Any CPU
		{07CE662E-1E17-4C52-AB74-169EE341EA79}.Debug|Any CPU.Build.0 = Debug|Any CPU
		{07CE662E-1E17-4C52-AB74-169EE341EA79}.Release|Any CPU.ActiveCfg = Release|Any CPU
		{07CE662E-1E17-4C52-AB74-169EE341EA79}.Release|Any CPU.Build.0 = Release|Any CPU
	EndGlobalSection
	GlobalSection(SolutionProperties) = preSolution
		HideSolutionNode = FALSE
	EndGlobalSection
	GlobalSection(ExtensibilityGlobals) = postSolution
		SolutionGuid = {37E10E64-42F0-4411-8E22-67455DABC94F}
	EndGlobalSection
EndGlobal
